{
  "nodes": {
    "nixpkgs": {
      "locked": {
        "lastModified": 1718706584,
        "narHash": "sha256-9E8ANeWg/GaOsD+Gsj8aye6BY2WsjmK2+B9ktnrAtxs=",
        "owner": "NixOS",
        "repo": "nixpkgs",
        "rev": "0e1f75ae6910beb3d3f42ee64e8c5157a35980ff",
        "type": "github"
      },
      "original": {
        "owner": "NixOS",
        "repo": "nixpkgs",
        "type": "github"
      }
    },
    "root": {
      "inputs": {
        "nixpkgs": "nixpkgs"
      }
    }
  },
  "root": "root",
  "version": 7
}
